
Microsoft Visual Studio Solution File, Format Version 12.00
# Visual Studio Version 17
VisualStudioVersion = 17.0.31903.59
MinimumVisualStudioVersion = 10.0.40219.1
Project("{2150E333-8FDC-42A3-9474-1A3956D46DE8}") = "src", "src", "{827E0CD3-B72D-47B6-A68D-7590B98EB39B}"
EndProject
Project("{FAE04EC0-301F-11D3-BF4B-00C04F79EFBC}") = "NHLStats.Domain", "src\NHLStats.Domain\NHLStats.Domain.csproj", "{FAB17BF8-BF81-4C46-AD79-22C0D0A58E31}"
EndProject
Project("{FAE04EC0-301F-11D3-BF4B-00C04F79EFBC}") = "NHLStats.Application", "src\NHLStats.Application\NHLStats.Application.csproj", "{2166202F-E9AD-4EFB-8385-6818EAE81FF2}"
EndProject
Project("{FAE04EC0-301F-11D3-BF4B-00C04F79EFBC}") = "NHLStats.Api", "src\NHLStats.Api\NHLStats.Api.csproj", "{B0107D25-2397-48B2-A590-F8299621954B}"
EndProject
Project("{2150E333-8FDC-42A3-9474-1A3956D46DE8}") = "tests", "tests", "{0AB3BF05-4346-4AA6-1389-037BE0695223}"
EndProject
Project("{FAE04EC0-301F-11D3-BF4B-00C04F79EFBC}") = "NHLStats.Domain.Tests", "tests\NHLStats.Domain.Tests\NHLStats.Domain.Tests.csproj", "{3ED62600-F9B7-4EF9-B307-D19F3ADE4899}"
EndProject
Project("{FAE04EC0-301F-11D3-BF4B-00C04F79EFBC}") = "NHLStats.Application.Tests", "tests\NHLStats.Application.Tests\NHLStats.Application.Tests.csproj", "{35C04B5A-A9BF-4D72-90A8-28337A5441A8}"
EndProject
Project("{FAE04EC0-301F-11D3-BF4B-00C04F79EFBC}") = "NHLStats.Api.Tests", "tests\NHLStats.Api.Tests\NHLStats.Api.Tests.csproj", "{7C773CD9-98B1-43A7-A358-C346FC89FF5B}"
EndProject
Global
	GlobalSection(SolutionConfigurationPlatforms) = preSolution
		Debug|Any CPU = Debug|Any CPU
		Debug|x64 = Debug|x64
		Debug|x86 = Debug|x86
		Release|Any CPU = Release|Any CPU
		Release|x64 = Release|x64
		Release|x86 = Release|x86
	EndGlobalSection
	GlobalSection(ProjectConfigurationPlatforms) = postSolution
		{FAB17BF8-BF81-4C46-AD79-22C0D0A58E31}.Debug|Any CPU.ActiveCfg = Debug|Any CPU
		{FAB17BF8-BF81-4C46-AD79-22C0D0A58E31}.Debug|Any CPU.Build.0 = Debug|Any CPU
		{FAB17BF8-BF81-4C46-AD79-22C0D0A58E31}.Debug|x64.ActiveCfg = Debug|Any CPU
		{FAB17BF8-BF81-4C46-AD79-22C0D0A58E31}.Debug|x64.Build.0 = Debug|Any CPU
		{FAB17BF8-BF81-4C46-AD79-22C0D0A58E31}.Debug|x86.ActiveCfg = Debug|Any CPU
		{FAB17BF8-BF81-4C46-AD79-22C0D0A58E31}.Debug|x86.Build.0 = Debug|Any CPU
		{FAB17BF8-BF81-4C46-AD79-22C0D0A58E31}.Release|Any CPU.ActiveCfg = Release|Any CPU
		{FAB17BF8-BF81-4C46-AD79-22C0D0A58E31}.Release|Any CPU.Build.0 = Release|Any CPU
		{FAB17BF8-BF81-4C46-AD79-22C0D0A58E31}.Release|x64.ActiveCfg = Release|Any CPU
		{FAB17BF8-BF81-4C46-AD79-22C0D0A58E31}.Release|x64.Build.0 = Release|Any CPU
		{FAB17BF8-BF81-4C46-AD79-22C0D0A58E31}.Release|x86.ActiveCfg = Release|Any CPU
		{FAB17BF8-BF81-4C46-AD79-22C0D0A58E31}.Release|x86.Build.0 = Release|Any CPU
		{2166202F-E9AD-4EFB-8385-6818EAE81FF2}.Debug|Any CPU.ActiveCfg = Debug|Any CPU
		{2166202F-E9AD-4EFB-8385-6818EAE81FF2}.Debug|Any CPU.Build.0 = Debug|Any CPU
		{2166202F-E9AD-4EFB-8385-6818EAE81FF2}.Debug|x64.ActiveCfg = Debug|Any CPU
		{2166202F-E9AD-4EFB-8385-6818EAE81FF2}.Debug|x64.Build.0 = Debug|Any CPU
		{2166202F-E9AD-4EFB-8385-6818EAE81FF2}.Debug|x86.ActiveCfg = Debug|Any CPU
		{2166202F-E9AD-4EFB-8385-6818EAE81FF2}.Debug|x86.Build.0 = Debug|Any CPU
		{2166202F-E9AD-4EFB-8385-6818EAE81FF2}.Release|Any CPU.ActiveCfg = Release|Any CPU
		{2166202F-E9AD-4EFB-8385-6818EAE81FF2}.Release|Any CPU.Build.0 = Release|Any CPU
		{2166202F-E9AD-4EFB-8385-6818EAE81FF2}.Release|x64.ActiveCfg = Release|Any CPU
		{2166202F-E9AD-4EFB-8385-6818EAE81FF2}.Release|x64.Build.0 = Release|Any CPU
		{2166202F-E9AD-4EFB-8385-6818EAE81FF2}.Release|x86.ActiveCfg = Release|Any CPU
		{2166202F-E9AD-4EFB-8385-6818EAE81FF2}.Release|x86.Build.0 = Release|Any CPU
		{B0107D25-2397-48B2-A590-F8299621954B}.Debug|Any CPU.ActiveCfg = Debug|Any CPU
		{B0107D25-2397-48B2-A590-F8299621954B}.Debug|Any CPU.Build.0 = Debug|Any CPU
		{B0107D25-2397-48B2-A590-F8299621954B}.Debug|x64.ActiveCfg = Debug|Any CPU
		{B0107D25-2397-48B2-A590-F8299621954B}.Debug|x64.Build.0 = Debug|Any CPU
		{B0107D25-2397-48B2-A590-F8299621954B}.Debug|x86.ActiveCfg = Debug|Any CPU
		{B0107D25-2397-48B2-A590-F8299621954B}.Debug|x86.Build.0 = Debug|Any CPU
		{B0107D25-2397-48B2-A590-F8299621954B}.Release|Any CPU.ActiveCfg = Release|Any CPU
		{B0107D25-2397-48B2-A590-F8299621954B}.Release|Any CPU.Build.0 = Release|Any CPU
		{B0107D25-2397-48B2-A590-F8299621954B}.Release|x64.ActiveCfg = Release|Any CPU
		{B0107D25-2397-48B2-A590-F8299621954B}.Release|x64.Build.0 = Release|Any CPU
		{B0107D25-2397-48B2-A590-F8299621954B}.Release|x86.ActiveCfg = Release|Any CPU
		{B0107D25-2397-48B2-A590-F8299621954B}.Release|x86.Build.0 = Release|Any CPU
		{3ED62600-F9B7-4EF9-B307-D19F3ADE4899}.Debug|Any CPU.ActiveCfg = Debug|Any CPU
		{3ED62600-F9B7-4EF9-B307-D19F3ADE4899}.Debug|Any CPU.Build.0 = Debug|Any CPU
		{3ED62600-F9B7-4EF9-B307-D19F3ADE4899}.Debug|x64.ActiveCfg = Debug|Any CPU
		{3ED62600-F9B7-4EF9-B307-D19F3ADE4899}.Debug|x64.Build.0 = Debug|Any CPU
		{3ED62600-F9B7-4EF9-B307-D19F3ADE4899}.Debug|x86.ActiveCfg = Debug|Any CPU
		{3ED62600-F9B7-4EF9-B307-D19F3ADE4899}.Debug|x86.Build.0 = Debug|Any CPU
		{3ED62600-F9B7-4EF9-B307-D19F3ADE4899}.Release|Any CPU.ActiveCfg = Release|Any CPU
		{3ED62600-F9B7-4EF9-B307-D19F3ADE4899}.Release|Any CPU.Build.0 = Release|Any CPU
		{3ED62600-F9B7-4EF9-B307-D19F3ADE4899}.Release|x64.ActiveCfg = Release|Any CPU
		{3ED62600-F9B7-4EF9-B307-D19F3ADE4899}.Release|x64.Build.0 = Release|Any CPU
		{3ED62600-F9B7-4EF9-B307-D19F3ADE4899}.Release|x86.ActiveCfg = Release|Any CPU
		{3ED62600-F9B7-4EF9-B307-D19F3ADE4899}.Release|x86.Build.0 = Release|Any CPU
		{35C04B5A-A9BF-4D72-90A8-28337A5441A8}.Debug|Any CPU.ActiveCfg = Debug|Any CPU
		{35C04B5A-A9BF-4D72-90A8-28337A5441A8}.Debug|Any CPU.Build.0 = Debug|Any CPU
		{35C04B5A-A9BF-4D72-90A8-28337A5441A8}.Debug|x64.ActiveCfg = Debug|Any CPU
		{35C04B5A-A9BF-4D72-90A8-28337A5441A8}.Debug|x64.Build.0 = Debug|Any CPU
		{35C04B5A-A9BF-4D72-90A8-28337A5441A8}.Debug|x86.ActiveCfg = Debug|Any CPU
		{35C04B5A-A9BF-4D72-90A8-28337A5441A8}.Debug|x86.Build.0 = Debug|Any CPU
		{35C04B5A-A9BF-4D72-90A8-28337A5441A8}.Release|Any CPU.ActiveCfg = Release|Any CPU
		{35C04B5A-A9BF-4D72-90A8-28337A5441A8}.Release|Any CPU.Build.0 = Release|Any CPU
		{35C04B5A-A9BF-4D72-90A8-28337A5441A8}.Release|x64.ActiveCfg = Release|Any CPU
		{35C04B5A-A9BF-4D72-90A8-28337A5441A8}.Release|x64.Build.0 = Release|Any CPU
		{35C04B5A-A9BF-4D72-90A8-28337A5441A8}.Release|x86.ActiveCfg = Release|Any CPU
		{35C04B5A-A9BF-4D72-90A8-28337A5441A8}.Release|x86.Build.0 = Release|Any CPU
		{7C773CD9-98B1-43A7-A358-C346FC89FF5B}.Debug|Any CPU.ActiveCfg = Debug|Any CPU
		{7C773CD9-98B1-43A7-A358-C346FC89FF5B}.Debug|Any CPU.Build.0 = Debug|Any CPU
		{7C773CD9-98B1-43A7-A358-C346FC89FF5B}.Debug|x64.ActiveCfg = Debug|Any CPU
		{7C773CD9-98B1-43A7-A358-C346FC89FF5B}.Debug|x64.Build.0 = Debug|Any CPU
		{7C773CD9-98B1-43A7-A358-C346FC89FF5B}.Debug|x86.ActiveCfg = Debug|Any CPU
		{7C773CD9-98B1-43A7-A358-C346FC89FF5B}.Debug|x86.Build.0 = Debug|Any CPU
		{7C773CD9-98B1-43A7-A358-C346FC89FF5B}.Release|Any CPU.ActiveCfg = Release|Any CPU
		{7C773CD9-98B1-43A7-A358-C346FC89FF5B}.Release|Any CPU.Build.0 = Release|Any CPU
		{7C773CD9-98B1-43A7-A358-C346FC89FF5B}.Release|x64.ActiveCfg = Release|Any CPU
		{7C773CD9-98B1-43A7-A358-C346FC89FF5B}.Release|x64.Build.0 = Release|Any CPU
		{7C773CD9-98B1-43A7-A358-C346FC89FF5B}.Release|x86.ActiveCfg = Release|Any CPU
		{7C773CD9-98B1-43A7-A358-C346FC89FF5B}.Release|x86.Build.0 = Release|Any CPU
	EndGlobalSection
	GlobalSection(SolutionProperties) = preSolution
		HideSolutionNode = FALSE
	EndGlobalSection
	GlobalSection(NestedProjects) = preSolution
		{FAB17BF8-BF81-4C46-AD79-22C0D0A58E31} = {827E0CD3-B72D-47B6-A68D-7590B98EB39B}
		{2166202F-E9AD-4EFB-8385-6818EAE81FF2} = {827E0CD3-B72D-47B6-A68D-7590B98EB39B}
		{B0107D25-2397-48B2-A590-F8299621954B} = {827E0CD3-B72D-47B6-A68D-7590B98EB39B}
		{3ED62600-F9B7-4EF9-B307-D19F3ADE4899} = {0AB3BF05-4346-4AA6-1389-037BE0695223}
		{35C04B5A-A9BF-4D72-90A8-28337A5441A8} = {0AB3BF05-4346-4AA6-1389-037BE0695223}
		{7C773CD9-98B1-43A7-A358-C346FC89FF5B} = {0AB3BF05-4346-4AA6-1389-037BE0695223}
	EndGlobalSection
EndGlobal
